{
  "name": "tei-util",
  "version": "1.0.0",
  "lockfileVersion": 2,
  "requires": true,
  "packages": {
    "": {
      "name": "tei-util",
      "version": "1.0.0",
      "license": "MIT",
      "devDependencies": {
        "deepcopy": "^2.1.0",
        "typescript": "^4.5.4"
      }
    },
    "node_modules/deepcopy": {
      "version": "2.1.0",
      "resolved": "https://registry.npmjs.org/deepcopy/-/deepcopy-2.1.0.tgz",
      "integrity": "sha512-8cZeTb1ZKC3bdSCP6XOM1IsTczIO73fdqtwa2B0N15eAz7gmyhQo+mc5gnFuulsgN3vIQYmTgbmQVKalH1dKvQ==",
      "dev": true,
      "dependencies": {
        "type-detect": "^4.0.8"
      }
    },
    "node_modules/type-detect": {
      "version": "4.0.8",
      "resolved": "https://registry.npmjs.org/type-detect/-/type-detect-4.0.8.tgz",
      "integrity": "sha512-0fr/mIH1dlO+x7TlcMy+bIDqKPsw/70tVyeHW787goQjhmqaZe10uwLujubK9q9Lg6Fiho1KUKDYz0Z7k7g5/g==",
      "dev": true,
      "engines": {
        "node": ">=4"
      }
    },
    "node_modules/typescript": {
      "version": "4.5.4",
      "resolved": "https://registry.npmjs.org/typescript/-/typescript-4.5.4.tgz",
      "integrity": "sha512-VgYs2A2QIRuGphtzFV7aQJduJ2gyfTljngLzjpfW9FoYZF6xuw1W0vW9ghCKLfcWrCFxK81CSGRAvS1pn4fIUg==",
      "dev": true,
      "bin": {
        "tsc": "bin/tsc",
        "tsserver": "bin/tsserver"
      },
      "engines": {
        "node": ">=4.2.0"
      }
    }
  },
  "dependencies": {
    "deepcopy": {
      "version": "2.1.0",
      "resolved": "https://registry.npmjs.org/deepcopy/-/deepcopy-2.1.0.tgz",
      "integrity": "sha512-8cZeTb1ZKC3bdSCP6XOM1IsTczIO73fdqtwa2B0N15eAz7gmyhQo+mc5gnFuulsgN3vIQYmTgbmQVKalH1dKvQ==",
      "dev": true,
      "requires": {
        "type-detect": "^4.0.8"
      }
    },
    "type-detect": {
      "version": "4.0.8",
      "resolved": "https://registry.npmjs.org/type-detect/-/type-detect-4.0.8.tgz",
      "integrity": "sha512-0fr/mIH1dlO+x7TlcMy+bIDqKPsw/70tVyeHW787goQjhmqaZe10uwLujubK9q9Lg6Fiho1KUKDYz0Z7k7g5/g==",
      "dev": true
    },
    "typescript": {
      "version": "4.5.4",
      "resolved": "https://registry.npmjs.org/typescript/-/typescript-4.5.4.tgz",
      "integrity": "sha512-VgYs2A2QIRuGphtzFV7aQJduJ2gyfTljngLzjpfW9FoYZF6xuw1W0vW9ghCKLfcWrCFxK81CSGRAvS1pn4fIUg==",
      "dev": true
    }
  }
}
